
Microsoft Visual Studio Solution File, Format Version 11.00
# Visual Studio 2010
Project("{FAE04EC0-301F-11D3-BF4B-00C04F79EFBC}") = "SEA3D", "..\DLL\SEA3D\SEA3D.csproj", "{649E8A40-51B9-4D2F-86CA-F9F1FA080EC9}"
EndProject
Project("{FAE04EC0-301F-11D3-BF4B-00C04F79EFBC}") = "AssimpNet", "AssimpNet\AssimpNet.csproj", "{3415FF29-C0BE-44FC-AD34-94796118E690}"
EndProject
Project("{FAE04EC0-301F-11D3-BF4B-00C04F79EFBC}") = "SEA3D_Assimp", "SEA3D_Assimp\SEA3D_Assimp.csproj", "{B1B10BC6-2D47-4FDC-92F2-B968CDD381A4}"
EndProject
Project("{FAE04EC0-301F-11D3-BF4B-00C04F79EFBC}") = "AssimpNet.Interop.Generator", "AssimpNet.Interop.Generator\AssimpNet.Interop.Generator.csproj", "{EA4EF0BE-B8A9-4149-8B5A-7E353AD628C0}"
EndProject
Project("{FAE04EC0-301F-11D3-BF4B-00C04F79EFBC}") = "SEA3D_Encoder", "SEA3D_Encoder\SEA3D_Encoder.csproj", "{720039D5-4ED0-499A-8691-CAC3176F6024}"
EndProject
Project("{FAE04EC0-301F-11D3-BF4B-00C04F79EFBC}") = "SEA3D_Server", "SEA3D_Server\SEA3D_Server.csproj", "{F03F2119-AFFD-4C9F-A6B0-DD0717AA2AEE}"
EndProject
Global
	GlobalSection(SolutionConfigurationPlatforms) = preSolution
		Debug|Any CPU = Debug|Any CPU
		Debug|Mixed Platforms = Debug|Mixed Platforms
		Debug|x86 = Debug|x86
		Net20-Debug|Any CPU = Net20-Debug|Any CPU
		Net20-Debug|Mixed Platforms = Net20-Debug|Mixed Platforms
		Net20-Debug|x86 = Net20-Debug|x86
		Net20-Release|Any CPU = Net20-Release|Any CPU
		Net20-Release|Mixed Platforms = Net20-Release|Mixed Platforms
		Net20-Release|x86 = Net20-Release|x86
		Net45-Debug|Any CPU = Net45-Debug|Any CPU
		Net45-Debug|Mixed Platforms = Net45-Debug|Mixed Platforms
		Net45-Debug|x86 = Net45-Debug|x86
		Net45-Release|Any CPU = Net45-Release|Any CPU
		Net45-Release|Mixed Platforms = Net45-Release|Mixed Platforms
		Net45-Release|x86 = Net45-Release|x86
		Release|Any CPU = Release|Any CPU
		Release|Mixed Platforms = Release|Mixed Platforms
		Release|x86 = Release|x86
	EndGlobalSection
	GlobalSection(ProjectConfigurationPlatforms) = postSolution
		{649E8A40-51B9-4D2F-86CA-F9F1FA080EC9}.Debug|Any CPU.ActiveCfg = Debug|Any CPU
		{649E8A40-51B9-4D2F-86CA-F9F1FA080EC9}.Debug|Any CPU.Build.0 = Debug|Any CPU
		{649E8A40-51B9-4D2F-86CA-F9F1FA080EC9}.Debug|Mixed Platforms.ActiveCfg = Debug|Any CPU
		{649E8A40-51B9-4D2F-86CA-F9F1FA080EC9}.Debug|Mixed Platforms.Build.0 = Debug|Any CPU
		{649E8A40-51B9-4D2F-86CA-F9F1FA080EC9}.Debug|x86.ActiveCfg = Debug|Any CPU
		{649E8A40-51B9-4D2F-86CA-F9F1FA080EC9}.Net20-Debug|Any CPU.ActiveCfg = Debug|Any CPU
		{649E8A40-51B9-4D2F-86CA-F9F1FA080EC9}.Net20-Debug|Any CPU.Build.0 = Debug|Any CPU
		{649E8A40-51B9-4D2F-86CA-F9F1FA080EC9}.Net20-Debug|Mixed Platforms.ActiveCfg = Debug|Any CPU
		{649E8A40-51B9-4D2F-86CA-F9F1FA080EC9}.Net20-Debug|Mixed Platforms.Build.0 = Debug|Any CPU
		{649E8A40-51B9-4D2F-86CA-F9F1FA080EC9}.Net20-Debug|x86.ActiveCfg = Debug|Any CPU
		{649E8A40-51B9-4D2F-86CA-F9F1FA080EC9}.Net20-Release|Any CPU.ActiveCfg = Release|Any CPU
		{649E8A40-51B9-4D2F-86CA-F9F1FA080EC9}.Net20-Release|Any CPU.Build.0 = Release|Any CPU
		{649E8A40-51B9-4D2F-86CA-F9F1FA080EC9}.Net20-Release|Mixed Platforms.ActiveCfg = Release|Any CPU
		{649E8A40-51B9-4D2F-86CA-F9F1FA080EC9}.Net20-Release|Mixed Platforms.Build.0 = Release|Any CPU
		{649E8A40-51B9-4D2F-86CA-F9F1FA080EC9}.Net20-Release|x86.ActiveCfg = Release|Any CPU
		{649E8A40-51B9-4D2F-86CA-F9F1FA080EC9}.Net45-Debug|Any CPU.ActiveCfg = Debug|Any CPU
		{649E8A40-51B9-4D2F-86CA-F9F1FA080EC9}.Net45-Debug|Any CPU.Build.0 = Debug|Any CPU
		{649E8A40-51B9-4D2F-86CA-F9F1FA080EC9}.Net45-Debug|Mixed Platforms.ActiveCfg = Debug|Any CPU
		{649E8A40-51B9-4D2F-86CA-F9F1FA080EC9}.Net45-Debug|Mixed Platforms.Build.0 = Debug|Any CPU
		{649E8A40-51B9-4D2F-86CA-F9F1FA080EC9}.Net45-Debug|x86.ActiveCfg = Debug|Any CPU
		{649E8A40-51B9-4D2F-86CA-F9F1FA080EC9}.Net45-Release|Any CPU.ActiveCfg = Release|Any CPU
		{649E8A40-51B9-4D2F-86CA-F9F1FA080EC9}.Net45-Release|Any CPU.Build.0 = Release|Any CPU
		{649E8A40-51B9-4D2F-86CA-F9F1FA080EC9}.Net45-Release|Mixed Platforms.ActiveCfg = Release|Any CPU
		{649E8A40-51B9-4D2F-86CA-F9F1FA080EC9}.Net45-Release|Mixed Platforms.Build.0 = Release|Any CPU
		{649E8A40-51B9-4D2F-86CA-F9F1FA080EC9}.Net45-Release|x86.ActiveCfg = Release|Any CPU
		{649E8A40-51B9-4D2F-86CA-F9F1FA080EC9}.Release|Any CPU.ActiveCfg = Release|Any CPU
		{649E8A40-51B9-4D2F-86CA-F9F1FA080EC9}.Release|Any CPU.Build.0 = Release|Any CPU
		{649E8A40-51B9-4D2F-86CA-F9F1FA080EC9}.Release|Mixed Platforms.ActiveCfg = Release|Any CPU
		{649E8A40-51B9-4D2F-86CA-F9F1FA080EC9}.Release|Mixed Platforms.Build.0 = Release|Any CPU
		{649E8A40-51B9-4D2F-86CA-F9F1FA080EC9}.Release|x86.ActiveCfg = Release|Any CPU
		{3415FF29-C0BE-44FC-AD34-94796118E690}.Debug|Any CPU.ActiveCfg = Net45-Debug|Any CPU
		{3415FF29-C0BE-44FC-AD34-94796118E690}.Debug|Any CPU.Build.0 = Net45-Debug|Any CPU
		{3415FF29-C0BE-44FC-AD34-94796118E690}.Debug|Mixed Platforms.ActiveCfg = Net45-Debug|Any CPU
		{3415FF29-C0BE-44FC-AD34-94796118E690}.Debug|Mixed Platforms.Build.0 = Net45-Debug|Any CPU
		{3415FF29-C0BE-44FC-AD34-94796118E690}.Debug|x86.ActiveCfg = Net45-Debug|Any CPU
		{3415FF29-C0BE-44FC-AD34-94796118E690}.Net20-Debug|Any CPU.ActiveCfg = Net20-Debug|Any CPU
		{3415FF29-C0BE-44FC-AD34-94796118E690}.Net20-Debug|Any CPU.Build.0 = Net20-Debug|Any CPU
		{3415FF29-C0BE-44FC-AD34-94796118E690}.Net20-Debug|Mixed Platforms.ActiveCfg = Net20-Debug|Any CPU
		{3415FF29-C0BE-44FC-AD34-94796118E690}.Net20-Debug|Mixed Platforms.Build.0 = Net20-Debug|Any CPU
		{3415FF29-C0BE-44FC-AD34-94796118E690}.Net20-Debug|x86.ActiveCfg = Net20-Debug|Any CPU
		{3415FF29-C0BE-44FC-AD34-94796118E690}.Net20-Release|Any CPU.ActiveCfg = Net20-Release|Any CPU
		{3415FF29-C0BE-44FC-AD34-94796118E690}.Net20-Release|Any CPU.Build.0 = Net20-Release|Any CPU
		{3415FF29-C0BE-44FC-AD34-94796118E690}.Net20-Release|Mixed Platforms.ActiveCfg = Net20-Release|Any CPU
		{3415FF29-C0BE-44FC-AD34-94796118E690}.Net20-Release|Mixed Platforms.Build.0 = Net20-Release|Any CPU
		{3415FF29-C0BE-44FC-AD34-94796118E690}.Net20-Release|x86.ActiveCfg = Net20-Release|Any CPU
		{3415FF29-C0BE-44FC-AD34-94796118E690}.Net45-Debug|Any CPU.ActiveCfg = Net45-Debug|Any CPU
		{3415FF29-C0BE-44FC-AD34-94796118E690}.Net45-Debug|Any CPU.Build.0 = Net45-Debug|Any CPU
		{3415FF29-C0BE-44FC-AD34-94796118E690}.Net45-Debug|Mixed Platforms.ActiveCfg = Net45-Debug|Any CPU
		{3415FF29-C0BE-44FC-AD34-94796118E690}.Net45-Debug|Mixed Platforms.Build.0 = Net45-Debug|Any CPU
		{3415FF29-C0BE-44FC-AD34-94796118E690}.Net45-Debug|x86.ActiveCfg = Net45-Debug|Any CPU
		{3415FF29-C0BE-44FC-AD34-94796118E690}.Net45-Release|Any CPU.ActiveCfg = Net45-Release|Any CPU
		{3415FF29-C0BE-44FC-AD34-94796118E690}.Net45-Release|Any CPU.Build.0 = Net45-Release|Any CPU
		{3415FF29-C0BE-44FC-AD34-94796118E690}.Net45-Release|Mixed Platforms.ActiveCfg = Net45-Release|Any CPU
		{3415FF29-C0BE-44FC-AD34-94796118E690}.Net45-Release|Mixed Platforms.Build.0 = Net45-Release|Any CPU
		{3415FF29-C0BE-44FC-AD34-94796118E690}.Net45-Release|x86.ActiveCfg = Net45-Release|Any CPU
		{3415FF29-C0BE-44FC-AD34-94796118E690}.Release|Any CPU.ActiveCfg = Net45-Release|Any CPU
		{3415FF29-C0BE-44FC-AD34-94796118E690}.Release|Any CPU.Build.0 = Net45-Release|Any CPU
		{3415FF29-C0BE-44FC-AD34-94796118E690}.Release|Mixed Platforms.ActiveCfg = Net45-Debug|Any CPU
		{3415FF29-C0BE-44FC-AD34-94796118E690}.Release|Mixed Platforms.Build.0 = Net45-Debug|Any CPU
		{3415FF29-C0BE-44FC-AD34-94796118E690}.Release|x86.ActiveCfg = Net45-Debug|Any CPU
		{B1B10BC6-2D47-4FDC-92F2-B968CDD381A4}.Debug|Any CPU.ActiveCfg = Debug|Any CPU
		{B1B10BC6-2D47-4FDC-92F2-B968CDD381A4}.Debug|Any CPU.Build.0 = Debug|Any CPU
		{B1B10BC6-2D47-4FDC-92F2-B968CDD381A4}.Debug|Mixed Platforms.ActiveCfg = Debug|Any CPU
		{B1B10BC6-2D47-4FDC-92F2-B968CDD381A4}.Debug|Mixed Platforms.Build.0 = Debug|Any CPU
		{B1B10BC6-2D47-4FDC-92F2-B968CDD381A4}.Debug|x86.ActiveCfg = Debug|Any CPU
		{B1B10BC6-2D47-4FDC-92F2-B968CDD381A4}.Net20-Debug|Any CPU.ActiveCfg = Debug|Any CPU
		{B1B10BC6-2D47-4FDC-92F2-B968CDD381A4}.Net20-Debug|Any CPU.Build.0 = Debug|Any CPU
		{B1B10BC6-2D47-4FDC-92F2-B968CDD381A4}.Net20-Debug|Mixed Platforms.ActiveCfg = Debug|Any CPU
		{B1B10BC6-2D47-4FDC-92F2-B968CDD381A4}.Net20-Debug|Mixed Platforms.Build.0 = Debug|Any CPU
		{B1B10BC6-2D47-4FDC-92F2-B968CDD381A4}.Net20-Debug|x86.ActiveCfg = Debug|Any CPU
		{B1B10BC6-2D47-4FDC-92F2-B968CDD381A4}.Net20-Release|Any CPU.ActiveCfg = Release|Any CPU
		{B1B10BC6-2D47-4FDC-92F2-B968CDD381A4}.Net20-Release|Any CPU.Build.0 = Release|Any CPU
		{B1B10BC6-2D47-4FDC-92F2-B968CDD381A4}.Net20-Release|Mixed Platforms.ActiveCfg = Release|Any CPU
		{B1B10BC6-2D47-4FDC-92F2-B968CDD381A4}.Net20-Release|Mixed Platforms.Build.0 = Release|Any CPU
		{B1B10BC6-2D47-4FDC-92F2-B968CDD381A4}.Net20-Release|x86.ActiveCfg = Release|Any CPU
		{B1B10BC6-2D47-4FDC-92F2-B968CDD381A4}.Net45-Debug|Any CPU.ActiveCfg = Debug|Any CPU
		{B1B10BC6-2D47-4FDC-92F2-B968CDD381A4}.Net45-Debug|Any CPU.Build.0 = Debug|Any CPU
		{B1B10BC6-2D47-4FDC-92F2-B968CDD381A4}.Net45-Debug|Mixed Platforms.ActiveCfg = Debug|Any CPU
		{B1B10BC6-2D47-4FDC-92F2-B968CDD381A4}.Net45-Debug|Mixed Platforms.Build.0 = Debug|Any CPU
		{B1B10BC6-2D47-4FDC-92F2-B968CDD381A4}.Net45-Debug|x86.ActiveCfg = Debug|Any CPU
		{B1B10BC6-2D47-4FDC-92F2-B968CDD381A4}.Net45-Release|Any CPU.ActiveCfg = Release|Any CPU
		{B1B10BC6-2D47-4FDC-92F2-B968CDD381A4}.Net45-Release|Any CPU.Build.0 = Release|Any CPU
		{B1B10BC6-2D47-4FDC-92F2-B968CDD381A4}.Net45-Release|Mixed Platforms.ActiveCfg = Release|Any CPU
		{B1B10BC6-2D47-4FDC-92F2-B968CDD381A4}.Net45-Release|Mixed Platforms.Build.0 = Release|Any CPU
		{B1B10BC6-2D47-4FDC-92F2-B968CDD381A4}.Net45-Release|x86.ActiveCfg = Release|Any CPU
		{B1B10BC6-2D47-4FDC-92F2-B968CDD381A4}.Release|Any CPU.ActiveCfg = Release|Any CPU
		{B1B10BC6-2D47-4FDC-92F2-B968CDD381A4}.Release|Any CPU.Build.0 = Release|Any CPU
		{B1B10BC6-2D47-4FDC-92F2-B968CDD381A4}.Release|Mixed Platforms.ActiveCfg = Release|Any CPU
		{B1B10BC6-2D47-4FDC-92F2-B968CDD381A4}.Release|Mixed Platforms.Build.0 = Release|Any CPU
		{B1B10BC6-2D47-4FDC-92F2-B968CDD381A4}.Release|x86.ActiveCfg = Release|Any CPU
		{EA4EF0BE-B8A9-4149-8B5A-7E353AD628C0}.Debug|Any CPU.ActiveCfg = Net45-Debug|Any CPU
		{EA4EF0BE-B8A9-4149-8B5A-7E353AD628C0}.Debug|Any CPU.Build.0 = Net45-Debug|Any CPU
		{EA4EF0BE-B8A9-4149-8B5A-7E353AD628C0}.Debug|Mixed Platforms.ActiveCfg = Net45-Debug|Any CPU
		{EA4EF0BE-B8A9-4149-8B5A-7E353AD628C0}.Debug|Mixed Platforms.Build.0 = Net45-Debug|Any CPU
		{EA4EF0BE-B8A9-4149-8B5A-7E353AD628C0}.Debug|x86.ActiveCfg = Net45-Debug|Any CPU
		{EA4EF0BE-B8A9-4149-8B5A-7E353AD628C0}.Net20-Debug|Any CPU.ActiveCfg = Net20-Debug|Any CPU
		{EA4EF0BE-B8A9-4149-8B5A-7E353AD628C0}.Net20-Debug|Any CPU.Build.0 = Net20-Debug|Any CPU
		{EA4EF0BE-B8A9-4149-8B5A-7E353AD628C0}.Net20-Debug|Mixed Platforms.ActiveCfg = Net20-Debug|Any CPU
		{EA4EF0BE-B8A9-4149-8B5A-7E353AD628C0}.Net20-Debug|Mixed Platforms.Build.0 = Net20-Debug|Any CPU
		{EA4EF0BE-B8A9-4149-8B5A-7E353AD628C0}.Net20-Debug|x86.ActiveCfg = Net20-Debug|Any CPU
		{EA4EF0BE-B8A9-4149-8B5A-7E353AD628C0}.Net20-Release|Any CPU.ActiveCfg = Net20-Release|Any CPU
		{EA4EF0BE-B8A9-4149-8B5A-7E353AD628C0}.Net20-Release|Any CPU.Build.0 = Net20-Release|Any CPU
		{EA4EF0BE-B8A9-4149-8B5A-7E353AD628C0}.Net20-Release|Mixed Platforms.ActiveCfg = Net20-Release|Any CPU
		{EA4EF0BE-B8A9-4149-8B5A-7E353AD628C0}.Net20-Release|Mixed Platforms.Build.0 = Net20-Release|Any CPU
		{EA4EF0BE-B8A9-4149-8B5A-7E353AD628C0}.Net20-Release|x86.ActiveCfg = Net20-Release|Any CPU
		{EA4EF0BE-B8A9-4149-8B5A-7E353AD628C0}.Net45-Debug|Any CPU.ActiveCfg = Net45-Debug|Any CPU
		{EA4EF0BE-B8A9-4149-8B5A-7E353AD628C0}.Net45-Debug|Any CPU.Build.0 = Net45-Debug|Any CPU
		{EA4EF0BE-B8A9-4149-8B5A-7E353AD628C0}.Net45-Debug|Mixed Platforms.ActiveCfg = Net45-Debug|Any CPU
		{EA4EF0BE-B8A9-4149-8B5A-7E353AD628C0}.Net45-Debug|Mixed Platforms.Build.0 = Net45-Debug|Any CPU
		{EA4EF0BE-B8A9-4149-8B5A-7E353AD628C0}.Net45-Debug|x86.ActiveCfg = Net45-Debug|Any CPU
		{EA4EF0BE-B8A9-4149-8B5A-7E353AD628C0}.Net45-Release|Any CPU.ActiveCfg = Net45-Release|Any CPU
		{EA4EF0BE-B8A9-4149-8B5A-7E353AD628C0}.Net45-Release|Any CPU.Build.0 = Net45-Release|Any CPU
		{EA4EF0BE-B8A9-4149-8B5A-7E353AD628C0}.Net45-Release|Mixed Platforms.ActiveCfg = Net45-Release|Any CPU
		{EA4EF0BE-B8A9-4149-8B5A-7E353AD628C0}.Net45-Release|Mixed Platforms.Build.0 = Net45-Release|Any CPU
		{EA4EF0BE-B8A9-4149-8B5A-7E353AD628C0}.Net45-Release|x86.ActiveCfg = Net45-Release|Any CPU
		{EA4EF0BE-B8A9-4149-8B5A-7E353AD628C0}.Release|Any CPU.ActiveCfg = Net45-Release|Any CPU
		{EA4EF0BE-B8A9-4149-8B5A-7E353AD628C0}.Release|Any CPU.Build.0 = Net45-Release|Any CPU
		{EA4EF0BE-B8A9-4149-8B5A-7E353AD628C0}.Release|Mixed Platforms.ActiveCfg = Net45-Debug|Any CPU
		{EA4EF0BE-B8A9-4149-8B5A-7E353AD628C0}.Release|Mixed Platforms.Build.0 = Net45-Debug|Any CPU
		{EA4EF0BE-B8A9-4149-8B5A-7E353AD628C0}.Release|x86.ActiveCfg = Net45-Debug|Any CPU
		{720039D5-4ED0-499A-8691-CAC3176F6024}.Debug|Any CPU.ActiveCfg = Debug|x86
		{720039D5-4ED0-499A-8691-CAC3176F6024}.Debug|Mixed Platforms.ActiveCfg = Debug|x86
		{720039D5-4ED0-499A-8691-CAC3176F6024}.Debug|Mixed Platforms.Build.0 = Debug|x86
		{720039D5-4ED0-499A-8691-CAC3176F6024}.Debug|x86.ActiveCfg = Debug|x86
		{720039D5-4ED0-499A-8691-CAC3176F6024}.Debug|x86.Build.0 = Debug|x86
		{720039D5-4ED0-499A-8691-CAC3176F6024}.Net20-Debug|Any CPU.ActiveCfg = Debug|x86
		{720039D5-4ED0-499A-8691-CAC3176F6024}.Net20-Debug|Mixed Platforms.ActiveCfg = Debug|x86
		{720039D5-4ED0-499A-8691-CAC3176F6024}.Net20-Debug|Mixed Platforms.Build.0 = Debug|x86
		{720039D5-4ED0-499A-8691-CAC3176F6024}.Net20-Debug|x86.ActiveCfg = Debug|x86
		{720039D5-4ED0-499A-8691-CAC3176F6024}.Net20-Debug|x86.Build.0 = Debug|x86
		{720039D5-4ED0-499A-8691-CAC3176F6024}.Net20-Release|Any CPU.ActiveCfg = Release|x86
		{720039D5-4ED0-499A-8691-CAC3176F6024}.Net20-Release|Mixed Platforms.ActiveCfg = Release|x86
		{720039D5-4ED0-499A-8691-CAC3176F6024}.Net20-Release|Mixed Platforms.Build.0 = Release|x86
		{720039D5-4ED0-499A-8691-CAC3176F6024}.Net20-Release|x86.ActiveCfg = Release|x86
		{720039D5-4ED0-499A-8691-CAC3176F6024}.Net20-Release|x86.Build.0 = Release|x86
		{720039D5-4ED0-499A-8691-CAC3176F6024}.Net45-Debug|Any CPU.ActiveCfg = Debug|x86
		{720039D5-4ED0-499A-8691-CAC3176F6024}.Net45-Debug|Mixed Platforms.ActiveCfg = Debug|x86
		{720039D5-4ED0-499A-8691-CAC3176F6024}.Net45-Debug|Mixed Platforms.Build.0 = Debug|x86
		{720039D5-4ED0-499A-8691-CAC3176F6024}.Net45-Debug|x86.ActiveCfg = Debug|x86
		{720039D5-4ED0-499A-8691-CAC3176F6024}.Net45-Debug|x86.Build.0 = Debug|x86
		{720039D5-4ED0-499A-8691-CAC3176F6024}.Net45-Release|Any CPU.ActiveCfg = Release|x86
		{720039D5-4ED0-499A-8691-CAC3176F6024}.Net45-Release|Mixed Platforms.ActiveCfg = Release|x86
		{720039D5-4ED0-499A-8691-CAC3176F6024}.Net45-Release|Mixed Platforms.Build.0 = Release|x86
		{720039D5-4ED0-499A-8691-CAC3176F6024}.Net45-Release|x86.ActiveCfg = Release|x86
		{720039D5-4ED0-499A-8691-CAC3176F6024}.Net45-Release|x86.Build.0 = Release|x86
		{720039D5-4ED0-499A-8691-CAC3176F6024}.Release|Any CPU.ActiveCfg = Release|x86
		{720039D5-4ED0-499A-8691-CAC3176F6024}.Release|Mixed Platforms.ActiveCfg = Release|x86
		{720039D5-4ED0-499A-8691-CAC3176F6024}.Release|Mixed Platforms.Build.0 = Release|x86
		{720039D5-4ED0-499A-8691-CAC3176F6024}.Release|x86.ActiveCfg = Release|x86
		{720039D5-4ED0-499A-8691-CAC3176F6024}.Release|x86.Build.0 = Release|x86
		{F03F2119-AFFD-4C9F-A6B0-DD0717AA2AEE}.Debug|Any CPU.ActiveCfg = Debug|x86
		{F03F2119-AFFD-4C9F-A6B0-DD0717AA2AEE}.Debug|Mixed Platforms.ActiveCfg = Debug|x86
		{F03F2119-AFFD-4C9F-A6B0-DD0717AA2AEE}.Debug|Mixed Platforms.Build.0 = Debug|x86
		{F03F2119-AFFD-4C9F-A6B0-DD0717AA2AEE}.Debug|x86.ActiveCfg = Debug|x86
		{F03F2119-AFFD-4C9F-A6B0-DD0717AA2AEE}.Debug|x86.Build.0 = Debug|x86
		{F03F2119-AFFD-4C9F-A6B0-DD0717AA2AEE}.Net20-Debug|Any CPU.ActiveCfg = Debug|x86
		{F03F2119-AFFD-4C9F-A6B0-DD0717AA2AEE}.Net20-Debug|Mixed Platforms.ActiveCfg = Debug|x86
		{F03F2119-AFFD-4C9F-A6B0-DD0717AA2AEE}.Net20-Debug|Mixed Platforms.Build.0 = Debug|x86
		{F03F2119-AFFD-4C9F-A6B0-DD0717AA2AEE}.Net20-Debug|x86.ActiveCfg = Debug|x86
		{F03F2119-AFFD-4C9F-A6B0-DD0717AA2AEE}.Net20-Debug|x86.Build.0 = Debug|x86
		{F03F2119-AFFD-4C9F-A6B0-DD0717AA2AEE}.Net20-Release|Any CPU.ActiveCfg = Release|x86
		{F03F2119-AFFD-4C9F-A6B0-DD0717AA2AEE}.Net20-Release|Mixed Platforms.ActiveCfg = Release|x86
		{F03F2119-AFFD-4C9F-A6B0-DD0717AA2AEE}.Net20-Release|Mixed Platforms.Build.0 = Release|x86
		{F03F2119-AFFD-4C9F-A6B0-DD0717AA2AEE}.Net20-Release|x86.ActiveCfg = Release|x86
		{F03F2119-AFFD-4C9F-A6B0-DD0717AA2AEE}.Net20-Release|x86.Build.0 = Release|x86
		{F03F2119-AFFD-4C9F-A6B0-DD0717AA2AEE}.Net45-Debug|Any CPU.ActiveCfg = Debug|x86
		{F03F2119-AFFD-4C9F-A6B0-DD0717AA2AEE}.Net45-Debug|Mixed Platforms.ActiveCfg = Debug|x86
		{F03F2119-AFFD-4C9F-A6B0-DD0717AA2AEE}.Net45-Debug|Mixed Platforms.Build.0 = Debug|x86
		{F03F2119-AFFD-4C9F-A6B0-DD0717AA2AEE}.Net45-Debug|x86.ActiveCfg = Debug|x86
		{F03F2119-AFFD-4C9F-A6B0-DD0717AA2AEE}.Net45-Debug|x86.Build.0 = Debug|x86
		{F03F2119-AFFD-4C9F-A6B0-DD0717AA2AEE}.Net45-Release|Any CPU.ActiveCfg = Release|x86
		{F03F2119-AFFD-4C9F-A6B0-DD0717AA2AEE}.Net45-Release|Mixed Platforms.ActiveCfg = Release|x86
		{F03F2119-AFFD-4C9F-A6B0-DD0717AA2AEE}.Net45-Release|Mixed Platforms.Build.0 = Release|x86
		{F03F2119-AFFD-4C9F-A6B0-DD0717AA2AEE}.Net45-Release|x86.ActiveCfg = Release|x86
		{F03F2119-AFFD-4C9F-A6B0-DD0717AA2AEE}.Net45-Release|x86.Build.0 = Release|x86
		{F03F2119-AFFD-4C9F-A6B0-DD0717AA2AEE}.Release|Any CPU.ActiveCfg = Release|x86
		{F03F2119-AFFD-4C9F-A6B0-DD0717AA2AEE}.Release|Mixed Platforms.ActiveCfg = Release|x86
		{F03F2119-AFFD-4C9F-A6B0-DD0717AA2AEE}.Release|Mixed Platforms.Build.0 = Release|x86
		{F03F2119-AFFD-4C9F-A6B0-DD0717AA2AEE}.Release|x86.ActiveCfg = Release|x86
		{F03F2119-AFFD-4C9F-A6B0-DD0717AA2AEE}.Release|x86.Build.0 = Release|x86
	EndGlobalSection
	GlobalSection(SolutionProperties) = preSolution
		HideSolutionNode = FALSE
	EndGlobalSection
EndGlobal
